# This file was autogenerated by Stack.
# You should not edit this file by hand.
# For more information, please see the documentation at:
#   https://docs.haskellstack.org/en/stable/lock_files

packages:
- completed:
    hackage: ghc-typelits-extra-0.3.3@sha256:cc0ca56e47d6ba997414a39a5be0fbce4c1cdd251f37c2575c5778194e213b8e,4815
    pantry-tree:
      size: 681
      sha256: a40c43cbf4202cbce8d786b172f1cd40159a245bd4027d8e904d6fc26d9594dc
  original:
    hackage: ghc-typelits-extra-0.3.3@sha256:cc0ca56e47d6ba997414a39a5be0fbce4c1cdd251f37c2575c5778194e213b8e,4815
- completed:
    hackage: ghc-typelits-knownnat-0.7.2@sha256:63054c8108f21a4bc5ace477227476b72a4e3792f35f37f2d406eef262ae4346,4711
    pantry-tree:
      size: 602
      sha256: 9267f4f6bcd9cf66db26b223c3da7f4f4a883a07af3d6bf26ae6e2157e237972
  original:
    hackage: ghc-typelits-knownnat-0.7.2@sha256:63054c8108f21a4bc5ace477227476b72a4e3792f35f37f2d406eef262ae4346,4711
- completed:
    hackage: ghc-typelits-natnormalise-0.7.1@sha256:dfeb54a04020081604cfe26546d6c7e42ae70ce88df6f8deb3b9b79caaeb883b,3495
    pantry-tree:
      size: 609
      sha256: d8589a0248b40542f793e4a91b5f1010b3d16511b6429b5b3f093ec3a76991fd
  original:
    hackage: ghc-typelits-natnormalise-0.7.1@sha256:dfeb54a04020081604cfe26546d6c7e42ae70ce88df6f8deb3b9b79caaeb883b,3495
- completed:
    hackage: ghc-tcplugins-extra-0.4@sha256:4e8303c1bd266bd75ff433896250d0f5242ab96aa94243c30085a585f80081fc,1685
    pantry-tree:
      size: 331
      sha256: 99f4b9c92625e94fdb58cba0400b480833d09e25b45717b8dae05f8869bb680d
  original:
    hackage: ghc-tcplugins-extra-0.4@sha256:4e8303c1bd266bd75ff433896250d0f5242ab96aa94243c30085a585f80081fc,1685
- completed:
    hackage: syb-0.7.1@sha256:8d37b1e4d04a9aa8512dc6c2a06e02afc015a2fd3e735bdfeeacb5e2e853323c,2462
    pantry-tree:
      size: 3396
      sha256: efe0ac2f5d5a3c34125c2dd665521a626237f49aa8fa289bfeeabe951b8a30e0
  original:
    hackage: syb-0.7.1@sha256:8d37b1e4d04a9aa8512dc6c2a06e02afc015a2fd3e735bdfeeacb5e2e853323c,2462
snapshots: []
